
Microsoft Visual Studio Solution File, Format Version 12.00
# Visual Studio 14
VisualStudioVersion = 14.0.25420.1
MinimumVisualStudioVersion = 10.0.40219.1
Project("{FAE04EC0-301F-11D3-BF4B-00C04F79EFBC}") = "LoginTest.Android", "LoginTest\LoginTest.Android\LoginTest.Android.csproj", "{1CD417B3-090A-4A40-A85B-4A687AADE214}"
EndProject
Project("{FAE04EC0-301F-11D3-BF4B-00C04F79EFBC}") = "LoginTest", "LoginTest\LoginTest\LoginTest.csproj", "{005D621D-49A6-4B24-9227-6DAC6F6EEEF1}"
EndProject
Project("{FAE04EC0-301F-11D3-BF4B-00C04F79EFBC}") = "LoginTest.UWP", "LoginTest\LoginTest.UWP\LoginTest.UWP.csproj", "{33087BE9-E344-4C58-91AA-C9FC568991DE}"
EndProject
Project("{FAE04EC0-301F-11D3-BF4B-00C04F79EFBC}") = "LoginTest.iOS", "LoginTest\LoginTest.iOS\LoginTest.iOS.csproj", "{D20DE0D3-9B34-4D38-A45B-D3628C82C441}"
EndProject
Global
	GlobalSection(SolutionConfigurationPlatforms) = preSolution
		Ad-Hoc|Any CPU = Ad-Hoc|Any CPU
		Ad-Hoc|ARM = Ad-Hoc|ARM
		Ad-Hoc|iPhone = Ad-Hoc|iPhone
		Ad-Hoc|iPhoneSimulator = Ad-Hoc|iPhoneSimulator
		Ad-Hoc|x64 = Ad-Hoc|x64
		Ad-Hoc|x86 = Ad-Hoc|x86
		AppStore|Any CPU = AppStore|Any CPU
		AppStore|ARM = AppStore|ARM
		AppStore|iPhone = AppStore|iPhone
		AppStore|iPhoneSimulator = AppStore|iPhoneSimulator
		AppStore|x64 = AppStore|x64
		AppStore|x86 = AppStore|x86
		Debug|Any CPU = Debug|Any CPU
		Debug|ARM = Debug|ARM
		Debug|iPhone = Debug|iPhone
		Debug|iPhoneSimulator = Debug|iPhoneSimulator
		Debug|x64 = Debug|x64
		Debug|x86 = Debug|x86
		Release|Any CPU = Release|Any CPU
		Release|ARM = Release|ARM
		Release|iPhone = Release|iPhone
		Release|iPhoneSimulator = Release|iPhoneSimulator
		Release|x64 = Release|x64
		Release|x86 = Release|x86
	EndGlobalSection
	GlobalSection(ProjectConfigurationPlatforms) = postSolution
		{1CD417B3-090A-4A40-A85B-4A687AADE214}.Ad-Hoc|Any CPU.ActiveCfg = Release|Any CPU
		{1CD417B3-090A-4A40-A85B-4A687AADE214}.Ad-Hoc|Any CPU.Build.0 = Release|Any CPU
		{1CD417B3-090A-4A40-A85B-4A687AADE214}.Ad-Hoc|Any CPU.Deploy.0 = Release|Any CPU
		{1CD417B3-090A-4A40-A85B-4A687AADE214}.Ad-Hoc|ARM.ActiveCfg = Release|Any CPU
		{1CD417B3-090A-4A40-A85B-4A687AADE214}.Ad-Hoc|ARM.Build.0 = Release|Any CPU
		{1CD417B3-090A-4A40-A85B-4A687AADE214}.Ad-Hoc|ARM.Deploy.0 = Release|Any CPU
		{1CD417B3-090A-4A40-A85B-4A687AADE214}.Ad-Hoc|iPhone.ActiveCfg = Release|Any CPU
		{1CD417B3-090A-4A40-A85B-4A687AADE214}.Ad-Hoc|iPhone.Build.0 = Release|Any CPU
		{1CD417B3-090A-4A40-A85B-4A687AADE214}.Ad-Hoc|iPhone.Deploy.0 = Release|Any CPU
		{1CD417B3-090A-4A40-A85B-4A687AADE214}.Ad-Hoc|iPhoneSimulator.ActiveCfg = Release|Any CPU
		{1CD417B3-090A-4A40-A85B-4A687AADE214}.Ad-Hoc|iPhoneSimulator.Build.0 = Release|Any CPU
		{1CD417B3-090A-4A40-A85B-4A687AADE214}.Ad-Hoc|iPhoneSimulator.Deploy.0 = Release|Any CPU
		{1CD417B3-090A-4A40-A85B-4A687AADE214}.Ad-Hoc|x64.ActiveCfg = Release|Any CPU
		{1CD417B3-090A-4A40-A85B-4A687AADE214}.Ad-Hoc|x64.Build.0 = Release|Any CPU
		{1CD417B3-090A-4A40-A85B-4A687AADE214}.Ad-Hoc|x64.Deploy.0 = Release|Any CPU
		{1CD417B3-090A-4A40-A85B-4A687AADE214}.Ad-Hoc|x86.ActiveCfg = Release|Any CPU
		{1CD417B3-090A-4A40-A85B-4A687AADE214}.Ad-Hoc|x86.Build.0 = Release|Any CPU
		{1CD417B3-090A-4A40-A85B-4A687AADE214}.Ad-Hoc|x86.Deploy.0 = Release|Any CPU
		{1CD417B3-090A-4A40-A85B-4A687AADE214}.AppStore|Any CPU.ActiveCfg = Release|Any CPU
		{1CD417B3-090A-4A40-A85B-4A687AADE214}.AppStore|Any CPU.Build.0 = Release|Any CPU
		{1CD417B3-090A-4A40-A85B-4A687AADE214}.AppStore|Any CPU.Deploy.0 = Release|Any CPU
		{1CD417B3-090A-4A40-A85B-4A687AADE214}.AppStore|ARM.ActiveCfg = Release|Any CPU
		{1CD417B3-090A-4A40-A85B-4A687AADE214}.AppStore|ARM.Build.0 = Release|Any CPU
		{1CD417B3-090A-4A40-A85B-4A687AADE214}.AppStore|ARM.Deploy.0 = Release|Any CPU
		{1CD417B3-090A-4A40-A85B-4A687AADE214}.AppStore|iPhone.ActiveCfg = Release|Any CPU
		{1CD417B3-090A-4A40-A85B-4A687AADE214}.AppStore|iPhone.Build.0 = Release|Any CPU
		{1CD417B3-090A-4A40-A85B-4A687AADE214}.AppStore|iPhone.Deploy.0 = Release|Any CPU
		{1CD417B3-090A-4A40-A85B-4A687AADE214}.AppStore|iPhoneSimulator.ActiveCfg = Release|Any CPU
		{1CD417B3-090A-4A40-A85B-4A687AADE214}.AppStore|iPhoneSimulator.Build.0 = Release|Any CPU
		{1CD417B3-090A-4A40-A85B-4A687AADE214}.AppStore|iPhoneSimulator.Deploy.0 = Release|Any CPU
		{1CD417B3-090A-4A40-A85B-4A687AADE214}.AppStore|x64.ActiveCfg = Release|Any CPU
		{1CD417B3-090A-4A40-A85B-4A687AADE214}.AppStore|x64.Build.0 = Release|Any CPU
		{1CD417B3-090A-4A40-A85B-4A687AADE214}.AppStore|x64.Deploy.0 = Release|Any CPU
		{1CD417B3-090A-4A40-A85B-4A687AADE214}.AppStore|x86.ActiveCfg = Release|Any CPU
		{1CD417B3-090A-4A40-A85B-4A687AADE214}.AppStore|x86.Build.0 = Release|Any CPU
		{1CD417B3-090A-4A40-A85B-4A687AADE214}.AppStore|x86.Deploy.0 = Release|Any CPU
		{1CD417B3-090A-4A40-A85B-4A687AADE214}.Debug|Any CPU.ActiveCfg = Debug|Any CPU
		{1CD417B3-090A-4A40-A85B-4A687AADE214}.Debug|Any CPU.Build.0 = Debug|Any CPU
		{1CD417B3-090A-4A40-A85B-4A687AADE214}.Debug|Any CPU.Deploy.0 = Debug|Any CPU
		{1CD417B3-090A-4A40-A85B-4A687AADE214}.Debug|ARM.ActiveCfg = Debug|Any CPU
		{1CD417B3-090A-4A40-A85B-4A687AADE214}.Debug|ARM.Build.0 = Debug|Any CPU
		{1CD417B3-090A-4A40-A85B-4A687AADE214}.Debug|ARM.Deploy.0 = Debug|Any CPU
		{1CD417B3-090A-4A40-A85B-4A687AADE214}.Debug|iPhone.ActiveCfg = Debug|Any CPU
		{1CD417B3-090A-4A40-A85B-4A687AADE214}.Debug|iPhone.Build.0 = Debug|Any CPU
		{1CD417B3-090A-4A40-A85B-4A687AADE214}.Debug|iPhone.Deploy.0 = Debug|Any CPU
		{1CD417B3-090A-4A40-A85B-4A687AADE214}.Debug|iPhoneSimulator.ActiveCfg = Debug|Any CPU
		{1CD417B3-090A-4A40-A85B-4A687AADE214}.Debug|iPhoneSimulator.Build.0 = Debug|Any CPU
		{1CD417B3-090A-4A40-A85B-4A687AADE214}.Debug|iPhoneSimulator.Deploy.0 = Debug|Any CPU
		{1CD417B3-090A-4A40-A85B-4A687AADE214}.Debug|x64.ActiveCfg = Debug|Any CPU
		{1CD417B3-090A-4A40-A85B-4A687AADE214}.Debug|x64.Build.0 = Debug|Any CPU
		{1CD417B3-090A-4A40-A85B-4A687AADE214}.Debug|x64.Deploy.0 = Debug|Any CPU
		{1CD417B3-090A-4A40-A85B-4A687AADE214}.Debug|x86.ActiveCfg = Debug|Any CPU
		{1CD417B3-090A-4A40-A85B-4A687AADE214}.Debug|x86.Build.0 = Debug|Any CPU
		{1CD417B3-090A-4A40-A85B-4A687AADE214}.Debug|x86.Deploy.0 = Debug|Any CPU
		{1CD417B3-090A-4A40-A85B-4A687AADE214}.Release|Any CPU.ActiveCfg = Release|Any CPU
		{1CD417B3-090A-4A40-A85B-4A687AADE214}.Release|Any CPU.Build.0 = Release|Any CPU
		{1CD417B3-090A-4A40-A85B-4A687AADE214}.Release|Any CPU.Deploy.0 = Release|Any CPU
		{1CD417B3-090A-4A40-A85B-4A687AADE214}.Release|ARM.ActiveCfg = Release|Any CPU
		{1CD417B3-090A-4A40-A85B-4A687AADE214}.Release|ARM.Build.0 = Release|Any CPU
		{1CD417B3-090A-4A40-A85B-4A687AADE214}.Release|ARM.Deploy.0 = Release|Any CPU
		{1CD417B3-090A-4A40-A85B-4A687AADE214}.Release|iPhone.ActiveCfg = Release|Any CPU
		{1CD417B3-090A-4A40-A85B-4A687AADE214}.Release|iPhone.Build.0 = Release|Any CPU
		{1CD417B3-090A-4A40-A85B-4A687AADE214}.Release|iPhone.Deploy.0 = Release|Any CPU
		{1CD417B3-090A-4A40-A85B-4A687AADE214}.Release|iPhoneSimulator.ActiveCfg = Release|Any CPU
		{1CD417B3-090A-4A40-A85B-4A687AADE214}.Release|iPhoneSimulator.Build.0 = Release|Any CPU
		{1CD417B3-090A-4A40-A85B-4A687AADE214}.Release|iPhoneSimulator.Deploy.0 = Release|Any CPU
		{1CD417B3-090A-4A40-A85B-4A687AADE214}.Release|x64.ActiveCfg = Release|Any CPU
		{1CD417B3-090A-4A40-A85B-4A687AADE214}.Release|x64.Build.0 = Release|Any CPU
		{1CD417B3-090A-4A40-A85B-4A687AADE214}.Release|x64.Deploy.0 = Release|Any CPU
		{1CD417B3-090A-4A40-A85B-4A687AADE214}.Release|x86.ActiveCfg = Release|Any CPU
		{1CD417B3-090A-4A40-A85B-4A687AADE214}.Release|x86.Build.0 = Release|Any CPU
		{1CD417B3-090A-4A40-A85B-4A687AADE214}.Release|x86.Deploy.0 = Release|Any CPU
		{005D621D-49A6-4B24-9227-6DAC6F6EEEF1}.Ad-Hoc|Any CPU.ActiveCfg = Release|Any CPU
		{005D621D-49A6-4B24-9227-6DAC6F6EEEF1}.Ad-Hoc|Any CPU.Build.0 = Release|Any CPU
		{005D621D-49A6-4B24-9227-6DAC6F6EEEF1}.Ad-Hoc|ARM.ActiveCfg = Release|Any CPU
		{005D621D-49A6-4B24-9227-6DAC6F6EEEF1}.Ad-Hoc|ARM.Build.0 = Release|Any CPU
		{005D621D-49A6-4B24-9227-6DAC6F6EEEF1}.Ad-Hoc|iPhone.ActiveCfg = Release|Any CPU
		{005D621D-49A6-4B24-9227-6DAC6F6EEEF1}.Ad-Hoc|iPhone.Build.0 = Release|Any CPU
		{005D621D-49A6-4B24-9227-6DAC6F6EEEF1}.Ad-Hoc|iPhoneSimulator.ActiveCfg = Release|Any CPU
		{005D621D-49A6-4B24-9227-6DAC6F6EEEF1}.Ad-Hoc|iPhoneSimulator.Build.0 = Release|Any CPU
		{005D621D-49A6-4B24-9227-6DAC6F6EEEF1}.Ad-Hoc|x64.ActiveCfg = Release|Any CPU
		{005D621D-49A6-4B24-9227-6DAC6F6EEEF1}.Ad-Hoc|x64.Build.0 = Release|Any CPU
		{005D621D-49A6-4B24-9227-6DAC6F6EEEF1}.Ad-Hoc|x86.ActiveCfg = Release|Any CPU
		{005D621D-49A6-4B24-9227-6DAC6F6EEEF1}.Ad-Hoc|x86.Build.0 = Release|Any CPU
		{005D621D-49A6-4B24-9227-6DAC6F6EEEF1}.AppStore|Any CPU.ActiveCfg = Release|Any CPU
		{005D621D-49A6-4B24-9227-6DAC6F6EEEF1}.AppStore|Any CPU.Build.0 = Release|Any CPU
		{005D621D-49A6-4B24-9227-6DAC6F6EEEF1}.AppStore|ARM.ActiveCfg = Release|Any CPU
		{005D621D-49A6-4B24-9227-6DAC6F6EEEF1}.AppStore|ARM.Build.0 = Release|Any CPU
		{005D621D-49A6-4B24-9227-6DAC6F6EEEF1}.AppStore|iPhone.ActiveCfg = Release|Any CPU
		{005D621D-49A6-4B24-9227-6DAC6F6EEEF1}.AppStore|iPhone.Build.0 = Release|Any CPU
		{005D621D-49A6-4B24-9227-6DAC6F6EEEF1}.AppStore|iPhoneSimulator.ActiveCfg = Release|Any CPU
		{005D621D-49A6-4B24-9227-6DAC6F6EEEF1}.AppStore|iPhoneSimulator.Build.0 = Release|Any CPU
		{005D621D-49A6-4B24-9227-6DAC6F6EEEF1}.AppStore|x64.ActiveCfg = Release|Any CPU
		{005D621D-49A6-4B24-9227-6DAC6F6EEEF1}.AppStore|x64.Build.0 = Release|Any CPU
		{005D621D-49A6-4B24-9227-6DAC6F6EEEF1}.AppStore|x86.ActiveCfg = Release|Any CPU
		{005D621D-49A6-4B24-9227-6DAC6F6EEEF1}.AppStore|x86.Build.0 = Release|Any CPU
		{005D621D-49A6-4B24-9227-6DAC6F6EEEF1}.Debug|Any CPU.ActiveCfg = Debug|Any CPU
		{005D621D-49A6-4B24-9227-6DAC6F6EEEF1}.Debug|Any CPU.Build.0 = Debug|Any CPU
		{005D621D-49A6-4B24-9227-6DAC6F6EEEF1}.Debug|ARM.ActiveCfg = Debug|Any CPU
		{005D621D-49A6-4B24-9227-6DAC6F6EEEF1}.Debug|ARM.Build.0 = Debug|Any CPU
		{005D621D-49A6-4B24-9227-6DAC6F6EEEF1}.Debug|iPhone.ActiveCfg = Debug|Any CPU
		{005D621D-49A6-4B24-9227-6DAC6F6EEEF1}.Debug|iPhone.Build.0 = Debug|Any CPU
		{005D621D-49A6-4B24-9227-6DAC6F6EEEF1}.Debug|iPhoneSimulator.ActiveCfg = Debug|Any CPU
		{005D621D-49A6-4B24-9227-6DAC6F6EEEF1}.Debug|iPhoneSimulator.Build.0 = Debug|Any CPU
		{005D621D-49A6-4B24-9227-6DAC6F6EEEF1}.Debug|x64.ActiveCfg = Debug|Any CPU
		{005D621D-49A6-4B24-9227-6DAC6F6EEEF1}.Debug|x64.Build.0 = Debug|Any CPU
		{005D621D-49A6-4B24-9227-6DAC6F6EEEF1}.Debug|x86.ActiveCfg = Debug|Any CPU
		{005D621D-49A6-4B24-9227-6DAC6F6EEEF1}.Debug|x86.Build.0 = Debug|Any CPU
		{005D621D-49A6-4B24-9227-6DAC6F6EEEF1}.Release|Any CPU.ActiveCfg = Release|Any CPU
		{005D621D-49A6-4B24-9227-6DAC6F6EEEF1}.Release|Any CPU.Build.0 = Release|Any CPU
		{005D621D-49A6-4B24-9227-6DAC6F6EEEF1}.Release|ARM.ActiveCfg = Release|Any CPU
		{005D621D-49A6-4B24-9227-6DAC6F6EEEF1}.Release|ARM.Build.0 = Release|Any CPU
		{005D621D-49A6-4B24-9227-6DAC6F6EEEF1}.Release|iPhone.ActiveCfg = Release|Any CPU
		{005D621D-49A6-4B24-9227-6DAC6F6EEEF1}.Release|iPhone.Build.0 = Release|Any CPU
		{005D621D-49A6-4B24-9227-6DAC6F6EEEF1}.Release|iPhoneSimulator.ActiveCfg = Release|Any CPU
		{005D621D-49A6-4B24-9227-6DAC6F6EEEF1}.Release|iPhoneSimulator.Build.0 = Release|Any CPU
		{005D621D-49A6-4B24-9227-6DAC6F6EEEF1}.Release|x64.ActiveCfg = Release|Any CPU
		{005D621D-49A6-4B24-9227-6DAC6F6EEEF1}.Release|x64.Build.0 = Release|Any CPU
		{005D621D-49A6-4B24-9227-6DAC6F6EEEF1}.Release|x86.ActiveCfg = Release|Any CPU
		{005D621D-49A6-4B24-9227-6DAC6F6EEEF1}.Release|x86.Build.0 = Release|Any CPU
		{33087BE9-E344-4C58-91AA-C9FC568991DE}.Ad-Hoc|Any CPU.ActiveCfg = Release|x86
		{33087BE9-E344-4C58-91AA-C9FC568991DE}.Ad-Hoc|Any CPU.Build.0 = Release|x86
		{33087BE9-E344-4C58-91AA-C9FC568991DE}.Ad-Hoc|Any CPU.Deploy.0 = Release|x86
		{33087BE9-E344-4C58-91AA-C9FC568991DE}.Ad-Hoc|ARM.ActiveCfg = Release|ARM
		{33087BE9-E344-4C58-91AA-C9FC568991DE}.Ad-Hoc|ARM.Build.0 = Release|ARM
		{33087BE9-E344-4C58-91AA-C9FC568991DE}.Ad-Hoc|ARM.Deploy.0 = Release|ARM
		{33087BE9-E344-4C58-91AA-C9FC568991DE}.Ad-Hoc|iPhone.ActiveCfg = Release|x86
		{33087BE9-E344-4C58-91AA-C9FC568991DE}.Ad-Hoc|iPhone.Build.0 = Release|x86
		{33087BE9-E344-4C58-91AA-C9FC568991DE}.Ad-Hoc|iPhone.Deploy.0 = Release|x86
		{33087BE9-E344-4C58-91AA-C9FC568991DE}.Ad-Hoc|iPhoneSimulator.ActiveCfg = Release|x86
		{33087BE9-E344-4C58-91AA-C9FC568991DE}.Ad-Hoc|iPhoneSimulator.Build.0 = Release|x86
		{33087BE9-E344-4C58-91AA-C9FC568991DE}.Ad-Hoc|iPhoneSimulator.Deploy.0 = Release|x86
		{33087BE9-E344-4C58-91AA-C9FC568991DE}.Ad-Hoc|x64.ActiveCfg = Release|x64
		{33087BE9-E344-4C58-91AA-C9FC568991DE}.Ad-Hoc|x64.Build.0 = Release|x64
		{33087BE9-E344-4C58-91AA-C9FC568991DE}.Ad-Hoc|x64.Deploy.0 = Release|x64
		{33087BE9-E344-4C58-91AA-C9FC568991DE}.Ad-Hoc|x86.ActiveCfg = Release|x86
		{33087BE9-E344-4C58-91AA-C9FC568991DE}.Ad-Hoc|x86.Build.0 = Release|x86
		{33087BE9-E344-4C58-91AA-C9FC568991DE}.Ad-Hoc|x86.Deploy.0 = Release|x86
		{33087BE9-E344-4C58-91AA-C9FC568991DE}.AppStore|Any CPU.ActiveCfg = Release|x86
		{33087BE9-E344-4C58-91AA-C9FC568991DE}.AppStore|Any CPU.Build.0 = Release|x86
		{33087BE9-E344-4C58-91AA-C9FC568991DE}.AppStore|Any CPU.Deploy.0 = Release|x86
		{33087BE9-E344-4C58-91AA-C9FC568991DE}.AppStore|ARM.ActiveCfg = Release|ARM
		{33087BE9-E344-4C58-91AA-C9FC568991DE}.AppStore|ARM.Build.0 = Release|ARM
		{33087BE9-E344-4C58-91AA-C9FC568991DE}.AppStore|ARM.Deploy.0 = Release|ARM
		{33087BE9-E344-4C58-91AA-C9FC568991DE}.AppStore|iPhone.ActiveCfg = Release|x86
		{33087BE9-E344-4C58-91AA-C9FC568991DE}.AppStore|iPhone.Build.0 = Release|x86
		{33087BE9-E344-4C58-91AA-C9FC568991DE}.AppStore|iPhone.Deploy.0 = Release|x86
		{33087BE9-E344-4C58-91AA-C9FC568991DE}.AppStore|iPhoneSimulator.ActiveCfg = Release|x86
		{33087BE9-E344-4C58-91AA-C9FC568991DE}.AppStore|iPhoneSimulator.Build.0 = Release|x86
		{33087BE9-E344-4C58-91AA-C9FC568991DE}.AppStore|iPhoneSimulator.Deploy.0 = Release|x86
		{33087BE9-E344-4C58-91AA-C9FC568991DE}.AppStore|x64.ActiveCfg = Release|x64
		{33087BE9-E344-4C58-91AA-C9FC568991DE}.AppStore|x64.Build.0 = Release|x64
		{33087BE9-E344-4C58-91AA-C9FC568991DE}.AppStore|x64.Deploy.0 = Release|x64
		{33087BE9-E344-4C58-91AA-C9FC568991DE}.AppStore|x86.ActiveCfg = Release|x86
		{33087BE9-E344-4C58-91AA-C9FC568991DE}.AppStore|x86.Build.0 = Release|x86
		{33087BE9-E344-4C58-91AA-C9FC568991DE}.AppStore|x86.Deploy.0 = Release|x86
		{33087BE9-E344-4C58-91AA-C9FC568991DE}.Debug|Any CPU.ActiveCfg = Debug|x86
		{33087BE9-E344-4C58-91AA-C9FC568991DE}.Debug|ARM.ActiveCfg = Debug|ARM
		{33087BE9-E344-4C58-91AA-C9FC568991DE}.Debug|ARM.Build.0 = Debug|ARM
		{33087BE9-E344-4C58-91AA-C9FC568991DE}.Debug|ARM.Deploy.0 = Debug|ARM
		{33087BE9-E344-4C58-91AA-C9FC568991DE}.Debug|iPhone.ActiveCfg = Debug|x86
		{33087BE9-E344-4C58-91AA-C9FC568991DE}.Debug|iPhoneSimulator.ActiveCfg = Debug|x86
		{33087BE9-E344-4C58-91AA-C9FC568991DE}.Debug|x64.ActiveCfg = Debug|x64
		{33087BE9-E344-4C58-91AA-C9FC568991DE}.Debug|x64.Build.0 = Debug|x64
		{33087BE9-E344-4C58-91AA-C9FC568991DE}.Debug|x64.Deploy.0 = Debug|x64
		{33087BE9-E344-4C58-91AA-C9FC568991DE}.Debug|x86.ActiveCfg = Debug|x86
		{33087BE9-E344-4C58-91AA-C9FC568991DE}.Debug|x86.Build.0 = Debug|x86
		{33087BE9-E344-4C58-91AA-C9FC568991DE}.Debug|x86.Deploy.0 = Debug|x86
		{33087BE9-E344-4C58-91AA-C9FC568991DE}.Release|Any CPU.ActiveCfg = Release|x86
		{33087BE9-E344-4C58-91AA-C9FC568991DE}.Release|ARM.ActiveCfg = Release|ARM
		{33087BE9-E344-4C58-91AA-C9FC568991DE}.Release|ARM.Build.0 = Release|ARM
		{33087BE9-E344-4C58-91AA-C9FC568991DE}.Release|ARM.Deploy.0 = Release|ARM
		{33087BE9-E344-4C58-91AA-C9FC568991DE}.Release|iPhone.ActiveCfg = Release|x86
		{33087BE9-E344-4C58-91AA-C9FC568991DE}.Release|iPhoneSimulator.ActiveCfg = Release|x86
		{33087BE9-E344-4C58-91AA-C9FC568991DE}.Release|x64.ActiveCfg = Release|x64
		{33087BE9-E344-4C58-91AA-C9FC568991DE}.Release|x64.Build.0 = Release|x64
		{33087BE9-E344-4C58-91AA-C9FC568991DE}.Release|x64.Deploy.0 = Release|x64
		{33087BE9-E344-4C58-91AA-C9FC568991DE}.Release|x86.ActiveCfg = Release|x86
		{33087BE9-E344-4C58-91AA-C9FC568991DE}.Release|x86.Build.0 = Release|x86
		{33087BE9-E344-4C58-91AA-C9FC568991DE}.Release|x86.Deploy.0 = Release|x86
		{D20DE0D3-9B34-4D38-A45B-D3628C82C441}.Ad-Hoc|Any CPU.ActiveCfg = Ad-Hoc|iPhoneSimulator
		{D20DE0D3-9B34-4D38-A45B-D3628C82C441}.Ad-Hoc|ARM.ActiveCfg = Ad-Hoc|iPhone
		{D20DE0D3-9B34-4D38-A45B-D3628C82C441}.Ad-Hoc|iPhone.ActiveCfg = Ad-Hoc|iPhone
		{D20DE0D3-9B34-4D38-A45B-D3628C82C441}.Ad-Hoc|iPhone.Build.0 = Ad-Hoc|iPhone
		{D20DE0D3-9B34-4D38-A45B-D3628C82C441}.Ad-Hoc|iPhoneSimulator.ActiveCfg = Ad-Hoc|iPhoneSimulator
		{D20DE0D3-9B34-4D38-A45B-D3628C82C441}.Ad-Hoc|iPhoneSimulator.Build.0 = Ad-Hoc|iPhoneSimulator
		{D20DE0D3-9B34-4D38-A45B-D3628C82C441}.Ad-Hoc|x64.ActiveCfg = Ad-Hoc|iPhone
		{D20DE0D3-9B34-4D38-A45B-D3628C82C441}.Ad-Hoc|x86.ActiveCfg = Ad-Hoc|iPhone
		{D20DE0D3-9B34-4D38-A45B-D3628C82C441}.AppStore|Any CPU.ActiveCfg = AppStore|iPhoneSimulator
		{D20DE0D3-9B34-4D38-A45B-D3628C82C441}.AppStore|ARM.ActiveCfg = AppStore|iPhone
		{D20DE0D3-9B34-4D38-A45B-D3628C82C441}.AppStore|iPhone.ActiveCfg = AppStore|iPhone
		{D20DE0D3-9B34-4D38-A45B-D3628C82C441}.AppStore|iPhone.Build.0 = AppStore|iPhone
		{D20DE0D3-9B34-4D38-A45B-D3628C82C441}.AppStore|iPhoneSimulator.ActiveCfg = AppStore|iPhoneSimulator
		{D20DE0D3-9B34-4D38-A45B-D3628C82C441}.AppStore|iPhoneSimulator.Build.0 = AppStore|iPhoneSimulator
		{D20DE0D3-9B34-4D38-A45B-D3628C82C441}.AppStore|x64.ActiveCfg = AppStore|iPhone
		{D20DE0D3-9B34-4D38-A45B-D3628C82C441}.AppStore|x86.ActiveCfg = AppStore|iPhone
		{D20DE0D3-9B34-4D38-A45B-D3628C82C441}.Debug|Any CPU.ActiveCfg = Debug|iPhoneSimulator
		{D20DE0D3-9B34-4D38-A45B-D3628C82C441}.Debug|ARM.ActiveCfg = Debug|iPhone
		{D20DE0D3-9B34-4D38-A45B-D3628C82C441}.Debug|iPhone.ActiveCfg = Debug|iPhone
		{D20DE0D3-9B34-4D38-A45B-D3628C82C441}.Debug|iPhone.Build.0 = Debug|iPhone
		{D20DE0D3-9B34-4D38-A45B-D3628C82C441}.Debug|iPhoneSimulator.ActiveCfg = Debug|iPhoneSimulator
		{D20DE0D3-9B34-4D38-A45B-D3628C82C441}.Debug|iPhoneSimulator.Build.0 = Debug|iPhoneSimulator
		{D20DE0D3-9B34-4D38-A45B-D3628C82C441}.Debug|x64.ActiveCfg = Debug|iPhone
		{D20DE0D3-9B34-4D38-A45B-D3628C82C441}.Debug|x86.ActiveCfg = Debug|iPhone
		{D20DE0D3-9B34-4D38-A45B-D3628C82C441}.Release|Any CPU.ActiveCfg = Release|iPhoneSimulator
		{D20DE0D3-9B34-4D38-A45B-D3628C82C441}.Release|ARM.ActiveCfg = Release|iPhone
		{D20DE0D3-9B34-4D38-A45B-D3628C82C441}.Release|iPhone.ActiveCfg = Release|iPhone
		{D20DE0D3-9B34-4D38-A45B-D3628C82C441}.Release|iPhone.Build.0 = Release|iPhone
		{D20DE0D3-9B34-4D38-A45B-D3628C82C441}.Release|iPhoneSimulator.ActiveCfg = Release|iPhoneSimulator
		{D20DE0D3-9B34-4D38-A45B-D3628C82C441}.Release|iPhoneSimulator.Build.0 = Release|iPhoneSimulator
		{D20DE0D3-9B34-4D38-A45B-D3628C82C441}.Release|x64.ActiveCfg = Release|iPhone
		{D20DE0D3-9B34-4D38-A45B-D3628C82C441}.Release|x86.ActiveCfg = Release|iPhone
	EndGlobalSection
	GlobalSection(SolutionProperties) = preSolution
		HideSolutionNode = FALSE
	EndGlobalSection
EndGlobal
